// !$*UTF8*$!
{
	archiveVersion = 1;
	classes = {
	};
	objectVersion = 56;
	objects = {

/* Begin PBXBuildFile section */
		4D7162A02A02997D00F7FF94 /* ShoppingCartViewController.swift in Sources */ = {isa = PBXBuildFile; fileRef = 4D71629F2A02997D00F7FF94 /* ShoppingCartViewController.swift */; };
		4D7162A22A02999C00F7FF94 /* ShoppingCartTableViewCell.swift in Sources */ = {isa = PBXBuildFile; fileRef = 4D7162A12A02999C00F7FF94 /* ShoppingCartTableViewCell.swift */; };
		4D7162A42A031A2400F7FF94 /* Menu.swift in Sources */ = {isa = PBXBuildFile; fileRef = 4D7162A32A031A2400F7FF94 /* Menu.swift */; };
		4D7162A62A0327A200F7FF94 /* MenuDetailsViewController.swift in Sources */ = {isa = PBXBuildFile; fileRef = 4D7162A52A0327A200F7FF94 /* MenuDetailsViewController.swift */; };
		4D7162AA2A03423300F7FF94 /* MenuTableViewCell.swift in Sources */ = {isa = PBXBuildFile; fileRef = 4D7162A92A03423300F7FF94 /* MenuTableViewCell.swift */; };
		4D7162AE2A04A01700F7FF94 /* NetworkManager.swift in Sources */ = {isa = PBXBuildFile; fileRef = 4D7162AD2A04A01700F7FF94 /* NetworkManager.swift */; };
		729E78022A01BB2E002C7147 /* MenuViewController.swift in Sources */ = {isa = PBXBuildFile; fileRef = 729E78012A01BB2E002C7147 /* MenuViewController.swift */; };
		729E78062A01BBAB002C7147 /* ReservationViewController.swift in Sources */ = {isa = PBXBuildFile; fileRef = 729E78052A01BBAB002C7147 /* ReservationViewController.swift */; };
		729E78142A033429002C7147 /* MenuCollectionViewCell.swift in Sources */ = {isa = PBXBuildFile; fileRef = 729E78132A033429002C7147 /* MenuCollectionViewCell.swift */; };
		729E78162A04A2E9002C7147 /* Utilities.swift in Sources */ = {isa = PBXBuildFile; fileRef = 729E78152A04A2E9002C7147 /* Utilities.swift */; };
		729E78182A04B1F9002C7147 /* CreateMenuViewController.swift in Sources */ = {isa = PBXBuildFile; fileRef = 729E78172A04B1F9002C7147 /* CreateMenuViewController.swift */; };
		72E3363B29FCAB320076C9AC /* AppDelegate.swift in Sources */ = {isa = PBXBuildFile; fileRef = 72E3363A29FCAB320076C9AC /* AppDelegate.swift */; };
		72E3363D29FCAB320076C9AC /* SceneDelegate.swift in Sources */ = {isa = PBXBuildFile; fileRef = 72E3363C29FCAB320076C9AC /* SceneDelegate.swift */; };
		72E3363F29FCAB320076C9AC /* ViewController.swift in Sources */ = {isa = PBXBuildFile; fileRef = 72E3363E29FCAB320076C9AC /* ViewController.swift */; };
		72E3364229FCAB320076C9AC /* Main.storyboard in Resources */ = {isa = PBXBuildFile; fileRef = 72E3364029FCAB320076C9AC /* Main.storyboard */; };
		72E3364429FCAB330076C9AC /* Assets.xcassets in Resources */ = {isa = PBXBuildFile; fileRef = 72E3364329FCAB330076C9AC /* Assets.xcassets */; };
		72E3364729FCAB330076C9AC /* LaunchScreen.storyboard in Resources */ = {isa = PBXBuildFile; fileRef = 72E3364529FCAB330076C9AC /* LaunchScreen.storyboard */; };
		72E3364F29FCB9FA0076C9AC /* Filter.swift in Sources */ = {isa = PBXBuildFile; fileRef = 72E3364E29FCB9FA0076C9AC /* Filter.swift */; };
		72E3365129FCBA150076C9AC /* Product.swift in Sources */ = {isa = PBXBuildFile; fileRef = 72E3365029FCBA150076C9AC /* Product.swift */; };
		72E3365329FCBE870076C9AC /* ProductCollectionViewCell.swift in Sources */ = {isa = PBXBuildFile; fileRef = 72E3365229FCBE870076C9AC /* ProductCollectionViewCell.swift */; };
		72E3365529FCBFEE0076C9AC /* ProductCollectionViewHeader.swift in Sources */ = {isa = PBXBuildFile; fileRef = 72E3365429FCBFEE0076C9AC /* ProductCollectionViewHeader.swift */; };
		72E3365729FCC0AF0076C9AC /* FilterCollectionViewCell.swift in Sources */ = {isa = PBXBuildFile; fileRef = 72E3365629FCC0AF0076C9AC /* FilterCollectionViewCell.swift */; };
		72E3365929FCC6AD0076C9AC /* DetailsViewController.swift in Sources */ = {isa = PBXBuildFile; fileRef = 72E3365829FCC6AD0076C9AC /* DetailsViewController.swift */; };
/* End PBXBuildFile section */

/* Begin PBXFileReference section */
		4D71629F2A02997D00F7FF94 /* ShoppingCartViewController.swift */ = {isa = PBXFileReference; lastKnownFileType = sourcecode.swift; path = ShoppingCartViewController.swift; sourceTree = "<group>"; };
		4D7162A12A02999C00F7FF94 /* ShoppingCartTableViewCell.swift */ = {isa = PBXFileReference; lastKnownFileType = sourcecode.swift; path = ShoppingCartTableViewCell.swift; sourceTree = "<group>"; };
		4D7162A32A031A2400F7FF94 /* Menu.swift */ = {isa = PBXFileReference; lastKnownFileType = sourcecode.swift; path = Menu.swift; sourceTree = "<group>"; };
		4D7162A52A0327A200F7FF94 /* MenuDetailsViewController.swift */ = {isa = PBXFileReference; lastKnownFileType = sourcecode.swift; path = MenuDetailsViewController.swift; sourceTree = "<group>"; };
		4D7162A92A03423300F7FF94 /* MenuTableViewCell.swift */ = {isa = PBXFileReference; lastKnownFileType = sourcecode.swift; path = MenuTableViewCell.swift; sourceTree = "<group>"; };
		4D7162AD2A04A01700F7FF94 /* NetworkManager.swift */ = {isa = PBXFileReference; lastKnownFileType = sourcecode.swift; path = NetworkManager.swift; sourceTree = "<group>"; };
		729E78012A01BB2E002C7147 /* MenuViewController.swift */ = {isa = PBXFileReference; lastKnownFileType = sourcecode.swift; path = MenuViewController.swift; sourceTree = "<group>"; };
		729E78052A01BBAB002C7147 /* ReservationViewController.swift */ = {isa = PBXFileReference; lastKnownFileType = sourcecode.swift; path = ReservationViewController.swift; sourceTree = "<group>"; };
		729E78132A033429002C7147 /* MenuCollectionViewCell.swift */ = {isa = PBXFileReference; lastKnownFileType = sourcecode.swift; path = MenuCollectionViewCell.swift; sourceTree = "<group>"; };
		729E78152A04A2E9002C7147 /* Utilities.swift */ = {isa = PBXFileReference; lastKnownFileType = sourcecode.swift; path = Utilities.swift; sourceTree = "<group>"; };
		729E78172A04B1F9002C7147 /* CreateMenuViewController.swift */ = {isa = PBXFileReference; lastKnownFileType = sourcecode.swift; path = CreateMenuViewController.swift; sourceTree = "<group>"; };
		72E3363729FCAB320076C9AC /* AnabelsGrocery.app */ = {isa = PBXFileReference; explicitFileType = wrapper.application; includeInIndex = 0; path = AnabelsGrocery.app; sourceTree = BUILT_PRODUCTS_DIR; };
		72E3363A29FCAB320076C9AC /* AppDelegate.swift */ = {isa = PBXFileReference; lastKnownFileType = sourcecode.swift; path = AppDelegate.swift; sourceTree = "<group>"; };
		72E3363C29FCAB320076C9AC /* SceneDelegate.swift */ = {isa = PBXFileReference; lastKnownFileType = sourcecode.swift; path = SceneDelegate.swift; sourceTree = "<group>"; };
		72E3363E29FCAB320076C9AC /* ViewController.swift */ = {isa = PBXFileReference; lastKnownFileType = sourcecode.swift; path = ViewController.swift; sourceTree = "<group>"; };
		72E3364129FCAB320076C9AC /* Base */ = {isa = PBXFileReference; lastKnownFileType = file.storyboard; name = Base; path = Base.lproj/Main.storyboard; sourceTree = "<group>"; };
		72E3364329FCAB330076C9AC /* Assets.xcassets */ = {isa = PBXFileReference; lastKnownFileType = folder.assetcatalog; path = Assets.xcassets; sourceTree = "<group>"; };
		72E3364629FCAB330076C9AC /* Base */ = {isa = PBXFileReference; lastKnownFileType = file.storyboard; name = Base; path = Base.lproj/LaunchScreen.storyboard; sourceTree = "<group>"; };
		72E3364829FCAB330076C9AC /* Info.plist */ = {isa = PBXFileReference; lastKnownFileType = text.plist.xml; path = Info.plist; sourceTree = "<group>"; };
		72E3364E29FCB9FA0076C9AC /* Filter.swift */ = {isa = PBXFileReference; lastKnownFileType = sourcecode.swift; path = Filter.swift; sourceTree = "<group>"; };
		72E3365029FCBA150076C9AC /* Product.swift */ = {isa = PBXFileReference; lastKnownFileType = sourcecode.swift; path = Product.swift; sourceTree = "<group>"; };
		72E3365229FCBE870076C9AC /* ProductCollectionViewCell.swift */ = {isa = PBXFileReference; lastKnownFileType = sourcecode.swift; path = ProductCollectionViewCell.swift; sourceTree = "<group>"; };
		72E3365429FCBFEE0076C9AC /* ProductCollectionViewHeader.swift */ = {isa = PBXFileReference; lastKnownFileType = sourcecode.swift; path = ProductCollectionViewHeader.swift; sourceTree = "<group>"; };
		72E3365629FCC0AF0076C9AC /* FilterCollectionViewCell.swift */ = {isa = PBXFileReference; lastKnownFileType = sourcecode.swift; path = FilterCollectionViewCell.swift; sourceTree = "<group>"; };
		72E3365829FCC6AD0076C9AC /* DetailsViewController.swift */ = {isa = PBXFileReference; lastKnownFileType = sourcecode.swift; path = DetailsViewController.swift; sourceTree = "<group>"; };
/* End PBXFileReference section */

/* Begin PBXFrameworksBuildPhase section */
		72E3363429FCAB320076C9AC /* Frameworks */ = {
			isa = PBXFrameworksBuildPhase;
			buildActionMask = 2147483647;
			files = (
			);
			runOnlyForDeploymentPostprocessing = 0;
		};
/* End PBXFrameworksBuildPhase section */

/* Begin PBXGroup section */
		72E3362E29FCAB320076C9AC = {
			isa = PBXGroup;
			children = (
				72E3363929FCAB320076C9AC /* AnabelsGrocery */,
				72E3363829FCAB320076C9AC /* Products */,
			);
			sourceTree = "<group>";
		};
		72E3363829FCAB320076C9AC /* Products */ = {
			isa = PBXGroup;
			children = (
				72E3363729FCAB320076C9AC /* AnabelsGrocery.app */,
			);
			name = Products;
			sourceTree = "<group>";
		};
		72E3363929FCAB320076C9AC /* AnabelsGrocery */ = {
			isa = PBXGroup;
			children = (
				72E3363A29FCAB320076C9AC /* AppDelegate.swift */,
				72E3363C29FCAB320076C9AC /* SceneDelegate.swift */,
				72E3363E29FCAB320076C9AC /* ViewController.swift */,
				72E3364029FCAB320076C9AC /* Main.storyboard */,
				72E3364329FCAB330076C9AC /* Assets.xcassets */,
				72E3364529FCAB330076C9AC /* LaunchScreen.storyboard */,
				72E3364829FCAB330076C9AC /* Info.plist */,
				72E3364E29FCB9FA0076C9AC /* Filter.swift */,
				72E3365029FCBA150076C9AC /* Product.swift */,
				72E3365229FCBE870076C9AC /* ProductCollectionViewCell.swift */,
				72E3365429FCBFEE0076C9AC /* ProductCollectionViewHeader.swift */,
				72E3365629FCC0AF0076C9AC /* FilterCollectionViewCell.swift */,
				72E3365829FCC6AD0076C9AC /* DetailsViewController.swift */,
				729E78012A01BB2E002C7147 /* MenuViewController.swift */,
				729E78052A01BBAB002C7147 /* ReservationViewController.swift */,
				4D71629F2A02997D00F7FF94 /* ShoppingCartViewController.swift */,
				4D7162A12A02999C00F7FF94 /* ShoppingCartTableViewCell.swift */,
				4D7162A32A031A2400F7FF94 /* Menu.swift */,
				4D7162A52A0327A200F7FF94 /* MenuDetailsViewController.swift */,
				729E78132A033429002C7147 /* MenuCollectionViewCell.swift */,
				4D7162A92A03423300F7FF94 /* MenuTableViewCell.swift */,
				729E78152A04A2E9002C7147 /* Utilities.swift */,
				4D7162AD2A04A01700F7FF94 /* NetworkManager.swift */,
				729E78172A04B1F9002C7147 /* CreateMenuViewController.swift */,
			);
			path = AnabelsGrocery;
			sourceTree = "<group>";
		};
/* End PBXGroup section */

/* Begin PBXNativeTarget section */
		72E3363629FCAB320076C9AC /* AnabelsGrocery */ = {
			isa = PBXNativeTarget;
			buildConfigurationList = 72E3364B29FCAB330076C9AC /* Build configuration list for PBXNativeTarget "AnabelsGrocery" */;
			buildPhases = (
				72E3363329FCAB320076C9AC /* Sources */,
				72E3363429FCAB320076C9AC /* Frameworks */,
				72E3363529FCAB320076C9AC /* Resources */,
			);
			buildRules = (
			);
			dependencies = (
			);
			name = AnabelsGrocery;
			productName = AnabelsGrocery;
			productReference = 72E3363729FCAB320076C9AC /* AnabelsGrocery.app */;
			productType = "com.apple.product-type.application";
		};
/* End PBXNativeTarget section */

/* Begin PBXProject section */
		72E3362F29FCAB320076C9AC /* Project object */ = {
			isa = PBXProject;
			attributes = {
				BuildIndependentTargetsInParallel = 1;
				LastSwiftUpdateCheck = 1420;
				LastUpgradeCheck = 1420;
				TargetAttributes = {
					72E3363629FCAB320076C9AC = {
						CreatedOnToolsVersion = 14.2;
					};
				};
			};
			buildConfigurationList = 72E3363229FCAB320076C9AC /* Build configuration list for PBXProject "AnabelsGrocery" */;
			compatibilityVersion = "Xcode 14.0";
			developmentRegion = en;
			hasScannedForEncodings = 0;
			knownRegions = (
				en,
				Base,
			);
			mainGroup = 72E3362E29FCAB320076C9AC;
			productRefGroup = 72E3363829FCAB320076C9AC /* Products */;
			projectDirPath = "";
			projectRoot = "";
			targets = (
				72E3363629FCAB320076C9AC /* AnabelsGrocery */,
			);
		};
/* End PBXProject section */

/* Begin PBXResourcesBuildPhase section */
		72E3363529FCAB320076C9AC /* Resources */ = {
			isa = PBXResourcesBuildPhase;
			buildActionMask = 2147483647;
			files = (
				72E3364729FCAB330076C9AC /* LaunchScreen.storyboard in Resources */,
				72E3364429FCAB330076C9AC /* Assets.xcassets in Resources */,
				72E3364229FCAB320076C9AC /* Main.storyboard in Resources */,
			);
			runOnlyForDeploymentPostprocessing = 0;
		};
/* End PBXResourcesBuildPhase section */

/* Begin PBXSourcesBuildPhase section */
		72E3363329FCAB320076C9AC /* Sources */ = {
			isa = PBXSourcesBuildPhase;
			buildActionMask = 2147483647;
			files = (
				4D7162AE2A04A01700F7FF94 /* NetworkManager.swift in Sources */,
				72E3363F29FCAB320076C9AC /* ViewController.swift in Sources */,
				729E78022A01BB2E002C7147 /* MenuViewController.swift in Sources */,
				72E3364F29FCB9FA0076C9AC /* Filter.swift in Sources */,
				729E78142A033429002C7147 /* MenuCollectionViewCell.swift in Sources */,
				72E3365929FCC6AD0076C9AC /* DetailsViewController.swift in Sources */,
				4D7162AA2A03423300F7FF94 /* MenuTableViewCell.swift in Sources */,
				729E78162A04A2E9002C7147 /* Utilities.swift in Sources */,
				72E3365529FCBFEE0076C9AC /* ProductCollectionViewHeader.swift in Sources */,
				72E3365129FCBA150076C9AC /* Product.swift in Sources */,
				72E3363B29FCAB320076C9AC /* AppDelegate.swift in Sources */,
				4D7162A22A02999C00F7FF94 /* ShoppingCartTableViewCell.swift in Sources */,
				72E3365329FCBE870076C9AC /* ProductCollectionViewCell.swift in Sources */,
				4D7162A42A031A2400F7FF94 /* Menu.swift in Sources */,
				4D7162A02A02997D00F7FF94 /* ShoppingCartViewController.swift in Sources */,
				72E3365729FCC0AF0076C9AC /* FilterCollectionViewCell.swift in Sources */,
				4D7162A62A0327A200F7FF94 /* MenuDetailsViewController.swift in Sources */,
				729E78182A04B1F9002C7147 /* CreateMenuViewController.swift in Sources */,
				72E3363D29FCAB320076C9AC /* SceneDelegate.swift in Sources */,
				729E78062A01BBAB002C7147 /* ReservationViewController.swift in Sources */,
			);
			runOnlyForDeploymentPostprocessing = 0;
		};
/* End PBXSourcesBuildPhase section */

/* Begin PBXVariantGroup section */
		72E3364029FCAB320076C9AC /* Main.storyboard */ = {
			isa = PBXVariantGroup;
			children = (
				72E3364129FCAB320076C9AC /* Base */,
			);
			name = Main.storyboard;
			sourceTree = "<group>";
		};
		72E3364529FCAB330076C9AC /* LaunchScreen.storyboard */ = {
			isa = PBXVariantGroup;
			children = (
				72E3364629FCAB330076C9AC /* Base */,
			);
			name = LaunchScreen.storyboard;
			sourceTree = "<group>";
		};
/* End PBXVariantGroup section */

/* Begin XCBuildConfiguration section */
		72E3364929FCAB330076C9AC /* Debug */ = {
			isa = XCBuildConfiguration;
			buildSettings = {
				ALWAYS_SEARCH_USER_PATHS = NO;
				CLANG_ANALYZER_NONNULL = YES;
				CLANG_ANALYZER_NUMBER_OBJECT_CONVERSION = YES_AGGRESSIVE;
				CLANG_CXX_LANGUAGE_STANDARD = "gnu++20";
				CLANG_ENABLE_MODULES = YES;
				CLANG_ENABLE_OBJC_ARC = YES;
				CLANG_ENABLE_OBJC_WEAK = YES;
				CLANG_WARN_BLOCK_CAPTURE_AUTORELEASING = YES;
				CLANG_WARN_BOOL_CONVERSION = YES;
				CLANG_WARN_COMMA = YES;
				CLANG_WARN_CONSTANT_CONVERSION = YES;
				CLANG_WARN_DEPRECATED_OBJC_IMPLEMENTATIONS = YES;
				CLANG_WARN_DIRECT_OBJC_ISA_USAGE = YES_ERROR;
				CLANG_WARN_DOCUMENTATION_COMMENTS = YES;
				CLANG_WARN_EMPTY_BODY = YES;
				CLANG_WARN_ENUM_CONVERSION = YES;
				CLANG_WARN_INFINITE_RECURSION = YES;
				CLANG_WARN_INT_CONVERSION = YES;
				CLANG_WARN_NON_LITERAL_NULL_CONVERSION = YES;
				CLANG_WARN_OBJC_IMPLICIT_RETAIN_SELF = YES;
				CLANG_WARN_OBJC_LITERAL_CONVERSION = YES;
				CLANG_WARN_OBJC_ROOT_CLASS = YES_ERROR;
				CLANG_WARN_QUOTED_INCLUDE_IN_FRAMEWORK_HEADER = YES;
				CLANG_WARN_RANGE_LOOP_ANALYSIS = YES;
				CLANG_WARN_STRICT_PROTOTYPES = YES;
				CLANG_WARN_SUSPICIOUS_MOVE = YES;
				CLANG_WARN_UNGUARDED_AVAILABILITY = YES_AGGRESSIVE;
				CLANG_WARN_UNREACHABLE_CODE = YES;
				CLANG_WARN__DUPLICATE_METHOD_MATCH = YES;
				COPY_PHASE_STRIP = NO;
				DEBUG_INFORMATION_FORMAT = dwarf;
				ENABLE_STRICT_OBJC_MSGSEND = YES;
				ENABLE_TESTABILITY = YES;
				GCC_C_LANGUAGE_STANDARD = gnu11;
				GCC_DYNAMIC_NO_PIC = NO;
				GCC_NO_COMMON_BLOCKS = YES;
				GCC_OPTIMIZATION_LEVEL = 0;
				GCC_PREPROCESSOR_DEFINITIONS = (
					"DEBUG=1",
					"$(inherited)",
				);
				GCC_WARN_64_TO_32_BIT_CONVERSION = YES;
				GCC_WARN_ABOUT_RETURN_TYPE = YES_ERROR;
				GCC_WARN_UNDECLARED_SELECTOR = YES;
				GCC_WARN_UNINITIALIZED_AUTOS = YES_AGGRESSIVE;
				GCC_WARN_UNUSED_FUNCTION = YES;
				GCC_WARN_UNUSED_VARIABLE = YES;
				IPHONEOS_DEPLOYMENT_TARGET = 16.2;
				MTL_ENABLE_DEBUG_INFO = INCLUDE_SOURCE;
				MTL_FAST_MATH = YES;
				ONLY_ACTIVE_ARCH = YES;
				SDKROOT = iphoneos;
				SWIFT_ACTIVE_COMPILATION_CONDITIONS = DEBUG;
				SWIFT_OPTIMIZATION_LEVEL = "-Onone";
			};
			name = Debug;
		};
		72E3364A29FCAB330076C9AC /* Release */ = {
			isa = XCBuildConfiguration;
			buildSettings = {
				ALWAYS_SEARCH_USER_PATHS = NO;
				CLANG_ANALYZER_NONNULL = YES;
				CLANG_ANALYZER_NUMBER_OBJECT_CONVERSION = YES_AGGRESSIVE;
				CLANG_CXX_LANGUAGE_STANDARD = "gnu++20";
				CLANG_ENABLE_MODULES = YES;
				CLANG_ENABLE_OBJC_ARC = YES;
				CLANG_ENABLE_OBJC_WEAK = YES;
				CLANG_WARN_BLOCK_CAPTURE_AUTORELEASING = YES;
				CLANG_WARN_BOOL_CONVERSION = YES;
				CLANG_WARN_COMMA = YES;
				CLANG_WARN_CONSTANT_CONVERSION = YES;
				CLANG_WARN_DEPRECATED_OBJC_IMPLEMENTATIONS = YES;
				CLANG_WARN_DIRECT_OBJC_ISA_USAGE = YES_ERROR;
				CLANG_WARN_DOCUMENTATION_COMMENTS = YES;
				CLANG_WARN_EMPTY_BODY = YES;
				CLANG_WARN_ENUM_CONVERSION = YES;
				CLANG_WARN_INFINITE_RECURSION = YES;
				CLANG_WARN_INT_CONVERSION = YES;
				CLANG_WARN_NON_LITERAL_NULL_CONVERSION = YES;
				CLANG_WARN_OBJC_IMPLICIT_RETAIN_SELF = YES;
				CLANG_WARN_OBJC_LITERAL_CONVERSION = YES;
				CLANG_WARN_OBJC_ROOT_CLASS = YES_ERROR;
				CLANG_WARN_QUOTED_INCLUDE_IN_FRAMEWORK_HEADER = YES;
				CLANG_WARN_RANGE_LOOP_ANALYSIS = YES;
				CLANG_WARN_STRICT_PROTOTYPES = YES;
				CLANG_WARN_SUSPICIOUS_MOVE = YES;
				CLANG_WARN_UNGUARDED_AVAILABILITY = YES_AGGRESSIVE;
				CLANG_WARN_UNREACHABLE_CODE = YES;
				CLANG_WARN__DUPLICATE_METHOD_MATCH = YES;
				COPY_PHASE_STRIP = NO;
				DEBUG_INFORMATION_FORMAT = "dwarf-with-dsym";
				ENABLE_NS_ASSERTIONS = NO;
				ENABLE_STRICT_OBJC_MSGSEND = YES;
				GCC_C_LANGUAGE_STANDARD = gnu11;
				GCC_NO_COMMON_BLOCKS = YES;
				GCC_WARN_64_TO_32_BIT_CONVERSION = YES;
				GCC_WARN_ABOUT_RETURN_TYPE = YES_ERROR;
				GCC_WARN_UNDECLARED_SELECTOR = YES;
				GCC_WARN_UNINITIALIZED_AUTOS = YES_AGGRESSIVE;
				GCC_WARN_UNUSED_FUNCTION = YES;
				GCC_WARN_UNUSED_VARIABLE = YES;
				IPHONEOS_DEPLOYMENT_TARGET = 16.2;
				MTL_ENABLE_DEBUG_INFO = NO;
				MTL_FAST_MATH = YES;
				SDKROOT = iphoneos;
				SWIFT_COMPILATION_MODE = wholemodule;
				SWIFT_OPTIMIZATION_LEVEL = "-O";
				VALIDATE_PRODUCT = YES;
			};
			name = Release;
		};
		72E3364C29FCAB330076C9AC /* Debug */ = {
			isa = XCBuildConfiguration;
			buildSettings = {
				ASSETCATALOG_COMPILER_APPICON_NAME = AppIcon;
				ASSETCATALOG_COMPILER_GLOBAL_ACCENT_COLOR_NAME = AccentColor;
				CODE_SIGN_STYLE = Automatic;
				CURRENT_PROJECT_VERSION = 1;
				GENERATE_INFOPLIST_FILE = YES;
				INFOPLIST_FILE = AnabelsGrocery/Info.plist;
				INFOPLIST_KEY_UIApplicationSupportsIndirectInputEvents = YES;
				INFOPLIST_KEY_UILaunchStoryboardName = LaunchScreen;
				INFOPLIST_KEY_UIMainStoryboardFile = Main;
				INFOPLIST_KEY_UISupportedInterfaceOrientations_iPad = "UIInterfaceOrientationPortrait UIInterfaceOrientationPortraitUpsideDown UIInterfaceOrientationLandscapeLeft UIInterfaceOrientationLandscapeRight";
				INFOPLIST_KEY_UISupportedInterfaceOrientations_iPhone = "UIInterfaceOrientationPortrait UIInterfaceOrientationLandscapeLeft UIInterfaceOrientationLandscapeRight";
				LD_RUNPATH_SEARCH_PATHS = (
					"$(inherited)",
					"@executable_path/Frameworks",
				);
				MARKETING_VERSION = 1.0;
				PRODUCT_BUNDLE_IDENTIFIER = com.phyllis.AnabelsGrocery;
				PRODUCT_NAME = "$(TARGET_NAME)";
				SWIFT_EMIT_LOC_STRINGS = YES;
				SWIFT_VERSION = 5.0;
				TARGETED_DEVICE_FAMILY = "1,2";
			};
			name = Debug;
		};
		72E3364D29FCAB330076C9AC /* Release */ = {
			isa = XCBuildConfiguration;
			buildSettings = {
				ASSETCATALOG_COMPILER_APPICON_NAME = AppIcon;
				ASSETCATALOG_COMPILER_GLOBAL_ACCENT_COLOR_NAME = AccentColor;
				CODE_SIGN_STYLE = Automatic;
				CURRENT_PROJECT_VERSION = 1;
				GENERATE_INFOPLIST_FILE = YES;
				INFOPLIST_FILE = AnabelsGrocery/Info.plist;
				INFOPLIST_KEY_UIApplicationSupportsIndirectInputEvents = YES;
				INFOPLIST_KEY_UILaunchStoryboardName = LaunchScreen;
				INFOPLIST_KEY_UIMainStoryboardFile = Main;
				INFOPLIST_KEY_UISupportedInterfaceOrientations_iPad = "UIInterfaceOrientationPortrait UIInterfaceOrientationPortraitUpsideDown UIInterfaceOrientationLandscapeLeft UIInterfaceOrientationLandscapeRight";
				INFOPLIST_KEY_UISupportedInterfaceOrientations_iPhone = "UIInterfaceOrientationPortrait UIInterfaceOrientationLandscapeLeft UIInterfaceOrientationLandscapeRight";
				LD_RUNPATH_SEARCH_PATHS = (
					"$(inherited)",
					"@executable_path/Frameworks",
				);
				MARKETING_VERSION = 1.0;
				PRODUCT_BUNDLE_IDENTIFIER = com.phyllis.AnabelsGrocery;
				PRODUCT_NAME = "$(TARGET_NAME)";
				SWIFT_EMIT_LOC_STRINGS = YES;
				SWIFT_VERSION = 5.0;
				TARGETED_DEVICE_FAMILY = "1,2";
			};
			name = Release;
		};
/* End XCBuildConfiguration section */

/* Begin XCConfigurationList section */
		72E3363229FCAB320076C9AC /* Build configuration list for PBXProject "AnabelsGrocery" */ = {
			isa = XCConfigurationList;
			buildConfigurations = (
				72E3364929FCAB330076C9AC /* Debug */,
				72E3364A29FCAB330076C9AC /* Release */,
			);
			defaultConfigurationIsVisible = 0;
			defaultConfigurationName = Release;
		};
		72E3364B29FCAB330076C9AC /* Build configuration list for PBXNativeTarget "AnabelsGrocery" */ = {
			isa = XCConfigurationList;
			buildConfigurations = (
				72E3364C29FCAB330076C9AC /* Debug */,
				72E3364D29FCAB330076C9AC /* Release */,
			);
			defaultConfigurationIsVisible = 0;
			defaultConfigurationName = Release;
		};
/* End XCConfigurationList section */
	};
	rootObject = 72E3362F29FCAB320076C9AC /* Project object */;
}
